
Microsoft Visual Studio Solution File, Format Version 12.00
# Visual Studio Version 16
VisualStudioVersion = 16.0.31911.196
MinimumVisualStudioVersion = 10.0.40219.1
Project("{FAE04EC0-301F-11D3-BF4B-00C04F79EFBC}") = "AddressBook", "AddressBook\AddressBook.csproj", "{D83D8928-1F58-4763-97C5-BA0286111190}"
EndProject
Global
	GlobalSection(SolutionConfigurationPlatforms) = preSolution
		Debug|Any CPU = Debug|Any CPU
		Release|Any CPU = Release|Any CPU
	EndGlobalSection
	GlobalSection(ProjectConfigurationPlatforms) = postSolution
		{D83D8928-1F58-4763-97C5-BA0286111190}.Debug|Any CPU.ActiveCfg = Debug|Any CPU
		{D83D8928-1F58-4763-97C5-BA0286111190}.Debug|Any CPU.Build.0 = Debug|Any CPU
		{D83D8928-1F58-4763-97C5-BA0286111190}.Release|Any CPU.ActiveCfg = Release|Any CPU
		{D83D8928-1F58-4763-97C5-BA0286111190}.Release|Any CPU.Build.0 = Release|Any CPU
	EndGlobalSection
	GlobalSection(SolutionProperties) = preSolution
		HideSolutionNode = FALSE
	EndGlobalSection
	GlobalSection(ExtensibilityGlobals) = postSolution
		SolutionGuid = {BC0226D0-7B8B-4B33-BF07-BC7E76A761F5}
	EndGlobalSection
EndGlobal
